
Microsoft Visual Studio Solution File, Format Version 12.00
# Visual Studio Version 16
VisualStudioVersion = 16.0.33027.164
MinimumVisualStudioVersion = 10.0.40219.1
Project("{FAE04EC0-301F-11D3-BF4B-00C04F79EFBC}") = "Pitch_Deck", "Pitch_Deck\Pitch_Deck.csproj", "{2C2C46B7-1C5E-47D3-ABFD-4DEFE1ADDCBF}"
EndProject
Global
	GlobalSection(SolutionConfigurationPlatforms) = preSolution
		Debug|Any CPU = Debug|Any CPU
		Release|Any CPU = Release|Any CPU
	EndGlobalSection
	GlobalSection(ProjectConfigurationPlatforms) = postSolution
		{2C2C46B7-1C5E-47D3-ABFD-4DEFE1ADDCBF}.Debug|Any CPU.ActiveCfg = Debug|Any CPU
		{2C2C46B7-1C5E-47D3-ABFD-4DEFE1ADDCBF}.Debug|Any CPU.Build.0 = Debug|Any CPU
		{2C2C46B7-1C5E-47D3-ABFD-4DEFE1ADDCBF}.Release|Any CPU.ActiveCfg = Release|Any CPU
		{2C2C46B7-1C5E-47D3-ABFD-4DEFE1ADDCBF}.Release|Any CPU.Build.0 = Release|Any CPU
	EndGlobalSection
	GlobalSection(SolutionProperties) = preSolution
		HideSolutionNode = FALSE
	EndGlobalSection
	GlobalSection(ExtensibilityGlobals) = postSolution
		SolutionGuid = {FFFB4AD9-99F2-4B42-919B-7C50A1B3CB95}
	EndGlobalSection
EndGlobal
